
Microsoft Visual Studio Solution File, Format Version 12.00
# Visual Studio Version 16
VisualStudioVersion = 16.0.29409.12
MinimumVisualStudioVersion = 10.0.40219.1
Project("{D954291E-2A0B-460D-934E-DC6B0785DB48}") = "abmediaplatform", "abmediaplatform\abmediaplatform.shproj", "{E4587C55-57B7-4C52-9639-679416E4C75F}"
EndProject
Project("{9A19103F-16F7-4668-BE54-9A1E7A4F7556}") = "Albert", "Albert\Albert.csproj", "{F59E7061-C06F-46B4-9B76-A0383DC25971}"
EndProject
Project("{D954291E-2A0B-460D-934E-DC6B0785DB48}") = "ABCode", "ABCode\ABCode.shproj", "{D3460E5D-A4E4-44F9-8CD6-FE4EFFC2DC12}"
EndProject
Project("{9A19103F-16F7-4668-BE54-9A1E7A4F7556}") = "abCommad", "abCommad\abCommad.csproj", "{EF9A5A4D-29CD-4D36-BCC3-F4CE54CFD9F4}"
EndProject
Project("{2150E333-8FDC-42A3-9474-1A3956D46DE8}") = "Libaries", "Libaries", "{5067776B-73C2-4406-BCE6-81B07D7E1546}"
EndProject
Project("{2150E333-8FDC-42A3-9474-1A3956D46DE8}") = "Software", "Software", "{4F96AE1A-D0FE-40BE-A230-23B3CC575EE8}"
EndProject
Project("{C7167F0D-BC9F-4E6E-AFE1-012C56B48DB5}") = "abTheArtBoard", "abTheArtBoard\abTheArtBoard.wapproj", "{2A0059E7-C815-40F3-B3AC-8DF7C29B96CB}"
EndProject
Project("{9A19103F-16F7-4668-BE54-9A1E7A4F7556}") = "Albert.Win32", "Albert.Win32\Albert.Win32.csproj", "{82B56846-68BB-491D-B121-8C8B86E1E075}"
EndProject
Project("{FAE04EC0-301F-11D3-BF4B-00C04F79EFBC}") = "abArtBoard", "abArtBoard\abArtBoard.csproj", "{2F86D29F-A8BD-4F8A-909C-8E4F4CA00A2A}"
EndProject
Global
	GlobalSection(SharedMSBuildProjectFiles) = preSolution
		ABCode\ABCode.projitems*{d3460e5d-a4e4-44f9-8cd6-fe4effc2dc12}*SharedItemsImports = 13
		abmediaplatform\abmediaplatform.projitems*{e4587c55-57b7-4c52-9639-679416e4c75f}*SharedItemsImports = 13
	EndGlobalSection
	GlobalSection(SolutionConfigurationPlatforms) = preSolution
		Debug|Any CPU = Debug|Any CPU
		Debug|ARM = Debug|ARM
		Debug|ARM64 = Debug|ARM64
		Debug|x64 = Debug|x64
		Debug|x86 = Debug|x86
		Release|Any CPU = Release|Any CPU
		Release|ARM = Release|ARM
		Release|ARM64 = Release|ARM64
		Release|x64 = Release|x64
		Release|x86 = Release|x86
	EndGlobalSection
	GlobalSection(ProjectConfigurationPlatforms) = postSolution
		{F59E7061-C06F-46B4-9B76-A0383DC25971}.Debug|Any CPU.ActiveCfg = Debug|Any CPU
		{F59E7061-C06F-46B4-9B76-A0383DC25971}.Debug|Any CPU.Build.0 = Debug|Any CPU
		{F59E7061-C06F-46B4-9B76-A0383DC25971}.Debug|ARM.ActiveCfg = Debug|Any CPU
		{F59E7061-C06F-46B4-9B76-A0383DC25971}.Debug|ARM.Build.0 = Debug|Any CPU
		{F59E7061-C06F-46B4-9B76-A0383DC25971}.Debug|ARM64.ActiveCfg = Debug|Any CPU
		{F59E7061-C06F-46B4-9B76-A0383DC25971}.Debug|ARM64.Build.0 = Debug|Any CPU
		{F59E7061-C06F-46B4-9B76-A0383DC25971}.Debug|x64.ActiveCfg = Debug|Any CPU
		{F59E7061-C06F-46B4-9B76-A0383DC25971}.Debug|x64.Build.0 = Debug|Any CPU
		{F59E7061-C06F-46B4-9B76-A0383DC25971}.Debug|x86.ActiveCfg = Debug|Any CPU
		{F59E7061-C06F-46B4-9B76-A0383DC25971}.Debug|x86.Build.0 = Debug|Any CPU
		{F59E7061-C06F-46B4-9B76-A0383DC25971}.Release|Any CPU.ActiveCfg = Release|Any CPU
		{F59E7061-C06F-46B4-9B76-A0383DC25971}.Release|Any CPU.Build.0 = Release|Any CPU
		{F59E7061-C06F-46B4-9B76-A0383DC25971}.Release|ARM.ActiveCfg = Release|Any CPU
		{F59E7061-C06F-46B4-9B76-A0383DC25971}.Release|ARM.Build.0 = Release|Any CPU
		{F59E7061-C06F-46B4-9B76-A0383DC25971}.Release|ARM64.ActiveCfg = Release|Any CPU
		{F59E7061-C06F-46B4-9B76-A0383DC25971}.Release|ARM64.Build.0 = Release|Any CPU
		{F59E7061-C06F-46B4-9B76-A0383DC25971}.Release|x64.ActiveCfg = Release|Any CPU
		{F59E7061-C06F-46B4-9B76-A0383DC25971}.Release|x64.Build.0 = Release|Any CPU
		{F59E7061-C06F-46B4-9B76-A0383DC25971}.Release|x86.ActiveCfg = Release|Any CPU
		{F59E7061-C06F-46B4-9B76-A0383DC25971}.Release|x86.Build.0 = Release|Any CPU
		{EF9A5A4D-29CD-4D36-BCC3-F4CE54CFD9F4}.Debug|Any CPU.ActiveCfg = Debug|Any CPU
		{EF9A5A4D-29CD-4D36-BCC3-F4CE54CFD9F4}.Debug|Any CPU.Build.0 = Debug|Any CPU
		{EF9A5A4D-29CD-4D36-BCC3-F4CE54CFD9F4}.Debug|ARM.ActiveCfg = Debug|Any CPU
		{EF9A5A4D-29CD-4D36-BCC3-F4CE54CFD9F4}.Debug|ARM.Build.0 = Debug|Any CPU
		{EF9A5A4D-29CD-4D36-BCC3-F4CE54CFD9F4}.Debug|ARM64.ActiveCfg = Debug|Any CPU
		{EF9A5A4D-29CD-4D36-BCC3-F4CE54CFD9F4}.Debug|ARM64.Build.0 = Debug|Any CPU
		{EF9A5A4D-29CD-4D36-BCC3-F4CE54CFD9F4}.Debug|x64.ActiveCfg = Debug|Any CPU
		{EF9A5A4D-29CD-4D36-BCC3-F4CE54CFD9F4}.Debug|x64.Build.0 = Debug|Any CPU
		{EF9A5A4D-29CD-4D36-BCC3-F4CE54CFD9F4}.Debug|x86.ActiveCfg = Debug|Any CPU
		{EF9A5A4D-29CD-4D36-BCC3-F4CE54CFD9F4}.Debug|x86.Build.0 = Debug|Any CPU
		{EF9A5A4D-29CD-4D36-BCC3-F4CE54CFD9F4}.Release|Any CPU.ActiveCfg = Release|Any CPU
		{EF9A5A4D-29CD-4D36-BCC3-F4CE54CFD9F4}.Release|Any CPU.Build.0 = Release|Any CPU
		{EF9A5A4D-29CD-4D36-BCC3-F4CE54CFD9F4}.Release|ARM.ActiveCfg = Release|Any CPU
		{EF9A5A4D-29CD-4D36-BCC3-F4CE54CFD9F4}.Release|ARM.Build.0 = Release|Any CPU
		{EF9A5A4D-29CD-4D36-BCC3-F4CE54CFD9F4}.Release|ARM64.ActiveCfg = Release|Any CPU
		{EF9A5A4D-29CD-4D36-BCC3-F4CE54CFD9F4}.Release|ARM64.Build.0 = Release|Any CPU
		{EF9A5A4D-29CD-4D36-BCC3-F4CE54CFD9F4}.Release|x64.ActiveCfg = Release|Any CPU
		{EF9A5A4D-29CD-4D36-BCC3-F4CE54CFD9F4}.Release|x64.Build.0 = Release|Any CPU
		{EF9A5A4D-29CD-4D36-BCC3-F4CE54CFD9F4}.Release|x86.ActiveCfg = Release|Any CPU
		{EF9A5A4D-29CD-4D36-BCC3-F4CE54CFD9F4}.Release|x86.Build.0 = Release|Any CPU
		{2A0059E7-C815-40F3-B3AC-8DF7C29B96CB}.Debug|Any CPU.ActiveCfg = Debug|Any CPU
		{2A0059E7-C815-40F3-B3AC-8DF7C29B96CB}.Debug|Any CPU.Build.0 = Debug|Any CPU
		{2A0059E7-C815-40F3-B3AC-8DF7C29B96CB}.Debug|Any CPU.Deploy.0 = Debug|Any CPU
		{2A0059E7-C815-40F3-B3AC-8DF7C29B96CB}.Debug|ARM.ActiveCfg = Debug|ARM
		{2A0059E7-C815-40F3-B3AC-8DF7C29B96CB}.Debug|ARM.Build.0 = Debug|ARM
		{2A0059E7-C815-40F3-B3AC-8DF7C29B96CB}.Debug|ARM.Deploy.0 = Debug|ARM
		{2A0059E7-C815-40F3-B3AC-8DF7C29B96CB}.Debug|ARM64.ActiveCfg = Debug|ARM64
		{2A0059E7-C815-40F3-B3AC-8DF7C29B96CB}.Debug|ARM64.Build.0 = Debug|ARM64
		{2A0059E7-C815-40F3-B3AC-8DF7C29B96CB}.Debug|ARM64.Deploy.0 = Debug|ARM64
		{2A0059E7-C815-40F3-B3AC-8DF7C29B96CB}.Debug|x64.ActiveCfg = Debug|x64
		{2A0059E7-C815-40F3-B3AC-8DF7C29B96CB}.Debug|x64.Build.0 = Debug|x64
		{2A0059E7-C815-40F3-B3AC-8DF7C29B96CB}.Debug|x64.Deploy.0 = Debug|x64
		{2A0059E7-C815-40F3-B3AC-8DF7C29B96CB}.Debug|x86.ActiveCfg = Debug|x86
		{2A0059E7-C815-40F3-B3AC-8DF7C29B96CB}.Debug|x86.Build.0 = Debug|x86
		{2A0059E7-C815-40F3-B3AC-8DF7C29B96CB}.Debug|x86.Deploy.0 = Debug|x86
		{2A0059E7-C815-40F3-B3AC-8DF7C29B96CB}.Release|Any CPU.ActiveCfg = Release|Any CPU
		{2A0059E7-C815-40F3-B3AC-8DF7C29B96CB}.Release|Any CPU.Build.0 = Release|Any CPU
		{2A0059E7-C815-40F3-B3AC-8DF7C29B96CB}.Release|Any CPU.Deploy.0 = Release|Any CPU
		{2A0059E7-C815-40F3-B3AC-8DF7C29B96CB}.Release|ARM.ActiveCfg = Release|ARM
		{2A0059E7-C815-40F3-B3AC-8DF7C29B96CB}.Release|ARM.Build.0 = Release|ARM
		{2A0059E7-C815-40F3-B3AC-8DF7C29B96CB}.Release|ARM.Deploy.0 = Release|ARM
		{2A0059E7-C815-40F3-B3AC-8DF7C29B96CB}.Release|ARM64.ActiveCfg = Release|ARM64
		{2A0059E7-C815-40F3-B3AC-8DF7C29B96CB}.Release|ARM64.Build.0 = Release|ARM64
		{2A0059E7-C815-40F3-B3AC-8DF7C29B96CB}.Release|ARM64.Deploy.0 = Release|ARM64
		{2A0059E7-C815-40F3-B3AC-8DF7C29B96CB}.Release|x64.ActiveCfg = Release|x64
		{2A0059E7-C815-40F3-B3AC-8DF7C29B96CB}.Release|x64.Build.0 = Release|x64
		{2A0059E7-C815-40F3-B3AC-8DF7C29B96CB}.Release|x64.Deploy.0 = Release|x64
		{2A0059E7-C815-40F3-B3AC-8DF7C29B96CB}.Release|x86.ActiveCfg = Release|x86
		{2A0059E7-C815-40F3-B3AC-8DF7C29B96CB}.Release|x86.Build.0 = Release|x86
		{2A0059E7-C815-40F3-B3AC-8DF7C29B96CB}.Release|x86.Deploy.0 = Release|x86
		{82B56846-68BB-491D-B121-8C8B86E1E075}.Debug|Any CPU.ActiveCfg = Debug|Any CPU
		{82B56846-68BB-491D-B121-8C8B86E1E075}.Debug|Any CPU.Build.0 = Debug|Any CPU
		{82B56846-68BB-491D-B121-8C8B86E1E075}.Debug|ARM.ActiveCfg = Debug|Any CPU
		{82B56846-68BB-491D-B121-8C8B86E1E075}.Debug|ARM.Build.0 = Debug|Any CPU
		{82B56846-68BB-491D-B121-8C8B86E1E075}.Debug|ARM64.ActiveCfg = Debug|Any CPU
		{82B56846-68BB-491D-B121-8C8B86E1E075}.Debug|ARM64.Build.0 = Debug|Any CPU
		{82B56846-68BB-491D-B121-8C8B86E1E075}.Debug|x64.ActiveCfg = Debug|Any CPU
		{82B56846-68BB-491D-B121-8C8B86E1E075}.Debug|x64.Build.0 = Debug|Any CPU
		{82B56846-68BB-491D-B121-8C8B86E1E075}.Debug|x86.ActiveCfg = Debug|Any CPU
		{82B56846-68BB-491D-B121-8C8B86E1E075}.Debug|x86.Build.0 = Debug|Any CPU
		{82B56846-68BB-491D-B121-8C8B86E1E075}.Release|Any CPU.ActiveCfg = Release|Any CPU
		{82B56846-68BB-491D-B121-8C8B86E1E075}.Release|Any CPU.Build.0 = Release|Any CPU
		{82B56846-68BB-491D-B121-8C8B86E1E075}.Release|ARM.ActiveCfg = Release|Any CPU
		{82B56846-68BB-491D-B121-8C8B86E1E075}.Release|ARM.Build.0 = Release|Any CPU
		{82B56846-68BB-491D-B121-8C8B86E1E075}.Release|ARM64.ActiveCfg = Release|Any CPU
		{82B56846-68BB-491D-B121-8C8B86E1E075}.Release|ARM64.Build.0 = Release|Any CPU
		{82B56846-68BB-491D-B121-8C8B86E1E075}.Release|x64.ActiveCfg = Release|Any CPU
		{82B56846-68BB-491D-B121-8C8B86E1E075}.Release|x64.Build.0 = Release|Any CPU
		{82B56846-68BB-491D-B121-8C8B86E1E075}.Release|x86.ActiveCfg = Release|Any CPU
		{82B56846-68BB-491D-B121-8C8B86E1E075}.Release|x86.Build.0 = Release|Any CPU
		{2F86D29F-A8BD-4F8A-909C-8E4F4CA00A2A}.Debug|Any CPU.ActiveCfg = Debug|Any CPU
		{2F86D29F-A8BD-4F8A-909C-8E4F4CA00A2A}.Debug|Any CPU.Build.0 = Debug|Any CPU
		{2F86D29F-A8BD-4F8A-909C-8E4F4CA00A2A}.Debug|ARM.ActiveCfg = Debug|Any CPU
		{2F86D29F-A8BD-4F8A-909C-8E4F4CA00A2A}.Debug|ARM.Build.0 = Debug|Any CPU
		{2F86D29F-A8BD-4F8A-909C-8E4F4CA00A2A}.Debug|ARM64.ActiveCfg = Debug|Any CPU
		{2F86D29F-A8BD-4F8A-909C-8E4F4CA00A2A}.Debug|ARM64.Build.0 = Debug|Any CPU
		{2F86D29F-A8BD-4F8A-909C-8E4F4CA00A2A}.Debug|x64.ActiveCfg = Debug|Any CPU
		{2F86D29F-A8BD-4F8A-909C-8E4F4CA00A2A}.Debug|x64.Build.0 = Debug|Any CPU
		{2F86D29F-A8BD-4F8A-909C-8E4F4CA00A2A}.Debug|x86.ActiveCfg = Debug|Any CPU
		{2F86D29F-A8BD-4F8A-909C-8E4F4CA00A2A}.Debug|x86.Build.0 = Debug|Any CPU
		{2F86D29F-A8BD-4F8A-909C-8E4F4CA00A2A}.Release|Any CPU.ActiveCfg = Release|Any CPU
		{2F86D29F-A8BD-4F8A-909C-8E4F4CA00A2A}.Release|Any CPU.Build.0 = Release|Any CPU
		{2F86D29F-A8BD-4F8A-909C-8E4F4CA00A2A}.Release|ARM.ActiveCfg = Release|Any CPU
		{2F86D29F-A8BD-4F8A-909C-8E4F4CA00A2A}.Release|ARM.Build.0 = Release|Any CPU
		{2F86D29F-A8BD-4F8A-909C-8E4F4CA00A2A}.Release|ARM64.ActiveCfg = Release|Any CPU
		{2F86D29F-A8BD-4F8A-909C-8E4F4CA00A2A}.Release|ARM64.Build.0 = Release|Any CPU
		{2F86D29F-A8BD-4F8A-909C-8E4F4CA00A2A}.Release|x64.ActiveCfg = Release|Any CPU
		{2F86D29F-A8BD-4F8A-909C-8E4F4CA00A2A}.Release|x64.Build.0 = Release|Any CPU
		{2F86D29F-A8BD-4F8A-909C-8E4F4CA00A2A}.Release|x86.ActiveCfg = Release|Any CPU
		{2F86D29F-A8BD-4F8A-909C-8E4F4CA00A2A}.Release|x86.Build.0 = Release|Any CPU
	EndGlobalSection
	GlobalSection(SolutionProperties) = preSolution
		HideSolutionNode = FALSE
	EndGlobalSection
	GlobalSection(NestedProjects) = preSolution
		{E4587C55-57B7-4C52-9639-679416E4C75F} = {5067776B-73C2-4406-BCE6-81B07D7E1546}
		{F59E7061-C06F-46B4-9B76-A0383DC25971} = {5067776B-73C2-4406-BCE6-81B07D7E1546}
		{D3460E5D-A4E4-44F9-8CD6-FE4EFFC2DC12} = {5067776B-73C2-4406-BCE6-81B07D7E1546}
		{EF9A5A4D-29CD-4D36-BCC3-F4CE54CFD9F4} = {4F96AE1A-D0FE-40BE-A230-23B3CC575EE8}
		{2A0059E7-C815-40F3-B3AC-8DF7C29B96CB} = {4F96AE1A-D0FE-40BE-A230-23B3CC575EE8}
		{82B56846-68BB-491D-B121-8C8B86E1E075} = {5067776B-73C2-4406-BCE6-81B07D7E1546}
		{2F86D29F-A8BD-4F8A-909C-8E4F4CA00A2A} = {4F96AE1A-D0FE-40BE-A230-23B3CC575EE8}
	EndGlobalSection
	GlobalSection(ExtensibilityGlobals) = postSolution
		SolutionGuid = {786A5EE5-AA6B-4F64-8AA4-118A5A380B80}
	EndGlobalSection
EndGlobal
