
Microsoft Visual Studio Solution File, Format Version 12.00
# Visual Studio Version 16
VisualStudioVersion = 16.0.29409.12
MinimumVisualStudioVersion = 10.0.40219.1
Project("{D954291E-2A0B-460D-934E-DC6B0785DB48}") = "abmediaplatform", "abmediaplatform\abmediaplatform.shproj", "{E4587C55-57B7-4C52-9639-679416E4C75F}"
EndProject
Project("{9A19103F-16F7-4668-BE54-9A1E7A4F7556}") = "Albert", "Albert\Albert.csproj", "{F59E7061-C06F-46B4-9B76-A0383DC25971}"
EndProject
Project("{D954291E-2A0B-460D-934E-DC6B0785DB48}") = "ABCode", "ABCode\ABCode.shproj", "{D3460E5D-A4E4-44F9-8CD6-FE4EFFC2DC12}"
EndProject
Project("{2150E333-8FDC-42A3-9474-1A3956D46DE8}") = "Libaries", "Libaries", "{5067776B-73C2-4406-BCE6-81B07D7E1546}"
EndProject
Project("{2150E333-8FDC-42A3-9474-1A3956D46DE8}") = "Software", "Software", "{4F96AE1A-D0FE-40BE-A230-23B3CC575EE8}"
EndProject
Project("{9A19103F-16F7-4668-BE54-9A1E7A4F7556}") = "Albert.Win32", "Albert.Win32\Albert.Win32.csproj", "{82B56846-68BB-491D-B121-8C8B86E1E075}"
EndProject
Project("{2150E333-8FDC-42A3-9474-1A3956D46DE8}") = "ABPlatForm", "ABPlatForm", "{5E3769C3-20F1-43F4-BB07-52635F5FDF27}"
EndProject
Project("{9A19103F-16F7-4668-BE54-9A1E7A4F7556}") = "abNoteBook", "abNoteBook\abNoteBook.csproj", "{47480F4D-3813-46B8-8F03-076B6632CCA4}"
EndProject
Project("{9A19103F-16F7-4668-BE54-9A1E7A4F7556}") = "abUnitTest", "abUnitTest\abUnitTest.csproj", "{7AAA87B8-75AE-40CF-A0E1-74BDC976CB64}"
EndProject
Project("{9A19103F-16F7-4668-BE54-9A1E7A4F7556}") = "ABNotePad", "ABNotePad\ABNotePad.csproj", "{76B9D625-25DE-4A50-92BA-5EC5156A8FBB}"
EndProject
Project("{9A19103F-16F7-4668-BE54-9A1E7A4F7556}") = "ABNoteCMD", "ABNoteCMD\ABNoteCMD.csproj", "{7863E194-034D-4848-BB6D-E604475555CF}"
EndProject
Project("{9A19103F-16F7-4668-BE54-9A1E7A4F7556}") = "ABTubePad", "ABTubePad\ABTubePad.csproj", "{81CB2196-AE6C-4521-B77B-360A70CE32A9}"
EndProject
Project("{9A19103F-16F7-4668-BE54-9A1E7A4F7556}") = "ABHub", "ABHub\ABHub.csproj", "{06F776EF-0FF3-4F22-A406-8BB9B58926A6}"
EndProject
Global
	GlobalSection(SharedMSBuildProjectFiles) = preSolution
		abmediaplatform\abmediaplatform.projitems*{06f776ef-0ff3-4f22-a406-8bb9b58926a6}*SharedItemsImports = 5
		abmediaplatform\abmediaplatform.projitems*{47480f4d-3813-46b8-8f03-076b6632cca4}*SharedItemsImports = 5
		abmediaplatform\abmediaplatform.projitems*{76b9d625-25de-4a50-92ba-5ec5156a8fbb}*SharedItemsImports = 5
		abmediaplatform\abmediaplatform.projitems*{7aaa87b8-75ae-40cf-a0e1-74bdc976cb64}*SharedItemsImports = 5
		abmediaplatform\abmediaplatform.projitems*{81cb2196-ae6c-4521-b77b-360a70ce32a9}*SharedItemsImports = 5
		ABCode\ABCode.projitems*{d3460e5d-a4e4-44f9-8cd6-fe4effc2dc12}*SharedItemsImports = 13
		abmediaplatform\abmediaplatform.projitems*{e4587c55-57b7-4c52-9639-679416e4c75f}*SharedItemsImports = 13
	EndGlobalSection
	GlobalSection(SolutionConfigurationPlatforms) = preSolution
		Debug|Any CPU = Debug|Any CPU
		Debug|ARM = Debug|ARM
		Debug|ARM64 = Debug|ARM64
		Debug|x64 = Debug|x64
		Debug|x86 = Debug|x86
		Release|Any CPU = Release|Any CPU
		Release|ARM = Release|ARM
		Release|ARM64 = Release|ARM64
		Release|x64 = Release|x64
		Release|x86 = Release|x86
	EndGlobalSection
	GlobalSection(ProjectConfigurationPlatforms) = postSolution
		{F59E7061-C06F-46B4-9B76-A0383DC25971}.Debug|Any CPU.ActiveCfg = Debug|Any CPU
		{F59E7061-C06F-46B4-9B76-A0383DC25971}.Debug|Any CPU.Build.0 = Debug|Any CPU
		{F59E7061-C06F-46B4-9B76-A0383DC25971}.Debug|ARM.ActiveCfg = Debug|Any CPU
		{F59E7061-C06F-46B4-9B76-A0383DC25971}.Debug|ARM.Build.0 = Debug|Any CPU
		{F59E7061-C06F-46B4-9B76-A0383DC25971}.Debug|ARM64.ActiveCfg = Debug|Any CPU
		{F59E7061-C06F-46B4-9B76-A0383DC25971}.Debug|ARM64.Build.0 = Debug|Any CPU
		{F59E7061-C06F-46B4-9B76-A0383DC25971}.Debug|x64.ActiveCfg = Debug|Any CPU
		{F59E7061-C06F-46B4-9B76-A0383DC25971}.Debug|x64.Build.0 = Debug|Any CPU
		{F59E7061-C06F-46B4-9B76-A0383DC25971}.Debug|x86.ActiveCfg = Debug|Any CPU
		{F59E7061-C06F-46B4-9B76-A0383DC25971}.Debug|x86.Build.0 = Debug|Any CPU
		{F59E7061-C06F-46B4-9B76-A0383DC25971}.Release|Any CPU.ActiveCfg = Release|Any CPU
		{F59E7061-C06F-46B4-9B76-A0383DC25971}.Release|Any CPU.Build.0 = Release|Any CPU
		{F59E7061-C06F-46B4-9B76-A0383DC25971}.Release|ARM.ActiveCfg = Release|Any CPU
		{F59E7061-C06F-46B4-9B76-A0383DC25971}.Release|ARM.Build.0 = Release|Any CPU
		{F59E7061-C06F-46B4-9B76-A0383DC25971}.Release|ARM64.ActiveCfg = Release|Any CPU
		{F59E7061-C06F-46B4-9B76-A0383DC25971}.Release|ARM64.Build.0 = Release|Any CPU
		{F59E7061-C06F-46B4-9B76-A0383DC25971}.Release|x64.ActiveCfg = Release|Any CPU
		{F59E7061-C06F-46B4-9B76-A0383DC25971}.Release|x64.Build.0 = Release|Any CPU
		{F59E7061-C06F-46B4-9B76-A0383DC25971}.Release|x86.ActiveCfg = Release|Any CPU
		{F59E7061-C06F-46B4-9B76-A0383DC25971}.Release|x86.Build.0 = Release|Any CPU
		{82B56846-68BB-491D-B121-8C8B86E1E075}.Debug|Any CPU.ActiveCfg = Debug|Any CPU
		{82B56846-68BB-491D-B121-8C8B86E1E075}.Debug|Any CPU.Build.0 = Debug|Any CPU
		{82B56846-68BB-491D-B121-8C8B86E1E075}.Debug|ARM.ActiveCfg = Debug|Any CPU
		{82B56846-68BB-491D-B121-8C8B86E1E075}.Debug|ARM.Build.0 = Debug|Any CPU
		{82B56846-68BB-491D-B121-8C8B86E1E075}.Debug|ARM64.ActiveCfg = Debug|Any CPU
		{82B56846-68BB-491D-B121-8C8B86E1E075}.Debug|ARM64.Build.0 = Debug|Any CPU
		{82B56846-68BB-491D-B121-8C8B86E1E075}.Debug|x64.ActiveCfg = Debug|Any CPU
		{82B56846-68BB-491D-B121-8C8B86E1E075}.Debug|x64.Build.0 = Debug|Any CPU
		{82B56846-68BB-491D-B121-8C8B86E1E075}.Debug|x86.ActiveCfg = Debug|Any CPU
		{82B56846-68BB-491D-B121-8C8B86E1E075}.Debug|x86.Build.0 = Debug|Any CPU
		{82B56846-68BB-491D-B121-8C8B86E1E075}.Release|Any CPU.ActiveCfg = Release|Any CPU
		{82B56846-68BB-491D-B121-8C8B86E1E075}.Release|Any CPU.Build.0 = Release|Any CPU
		{82B56846-68BB-491D-B121-8C8B86E1E075}.Release|ARM.ActiveCfg = Release|Any CPU
		{82B56846-68BB-491D-B121-8C8B86E1E075}.Release|ARM.Build.0 = Release|Any CPU
		{82B56846-68BB-491D-B121-8C8B86E1E075}.Release|ARM64.ActiveCfg = Release|Any CPU
		{82B56846-68BB-491D-B121-8C8B86E1E075}.Release|ARM64.Build.0 = Release|Any CPU
		{82B56846-68BB-491D-B121-8C8B86E1E075}.Release|x64.ActiveCfg = Release|Any CPU
		{82B56846-68BB-491D-B121-8C8B86E1E075}.Release|x64.Build.0 = Release|Any CPU
		{82B56846-68BB-491D-B121-8C8B86E1E075}.Release|x86.ActiveCfg = Release|Any CPU
		{82B56846-68BB-491D-B121-8C8B86E1E075}.Release|x86.Build.0 = Release|Any CPU
		{47480F4D-3813-46B8-8F03-076B6632CCA4}.Debug|Any CPU.ActiveCfg = Debug|Any CPU
		{47480F4D-3813-46B8-8F03-076B6632CCA4}.Debug|Any CPU.Build.0 = Debug|Any CPU
		{47480F4D-3813-46B8-8F03-076B6632CCA4}.Debug|ARM.ActiveCfg = Debug|Any CPU
		{47480F4D-3813-46B8-8F03-076B6632CCA4}.Debug|ARM.Build.0 = Debug|Any CPU
		{47480F4D-3813-46B8-8F03-076B6632CCA4}.Debug|ARM64.ActiveCfg = Debug|Any CPU
		{47480F4D-3813-46B8-8F03-076B6632CCA4}.Debug|ARM64.Build.0 = Debug|Any CPU
		{47480F4D-3813-46B8-8F03-076B6632CCA4}.Debug|x64.ActiveCfg = Debug|Any CPU
		{47480F4D-3813-46B8-8F03-076B6632CCA4}.Debug|x64.Build.0 = Debug|Any CPU
		{47480F4D-3813-46B8-8F03-076B6632CCA4}.Debug|x86.ActiveCfg = Debug|Any CPU
		{47480F4D-3813-46B8-8F03-076B6632CCA4}.Debug|x86.Build.0 = Debug|Any CPU
		{47480F4D-3813-46B8-8F03-076B6632CCA4}.Release|Any CPU.ActiveCfg = Release|Any CPU
		{47480F4D-3813-46B8-8F03-076B6632CCA4}.Release|Any CPU.Build.0 = Release|Any CPU
		{47480F4D-3813-46B8-8F03-076B6632CCA4}.Release|ARM.ActiveCfg = Release|Any CPU
		{47480F4D-3813-46B8-8F03-076B6632CCA4}.Release|ARM.Build.0 = Release|Any CPU
		{47480F4D-3813-46B8-8F03-076B6632CCA4}.Release|ARM64.ActiveCfg = Release|Any CPU
		{47480F4D-3813-46B8-8F03-076B6632CCA4}.Release|ARM64.Build.0 = Release|Any CPU
		{47480F4D-3813-46B8-8F03-076B6632CCA4}.Release|x64.ActiveCfg = Release|Any CPU
		{47480F4D-3813-46B8-8F03-076B6632CCA4}.Release|x64.Build.0 = Release|Any CPU
		{47480F4D-3813-46B8-8F03-076B6632CCA4}.Release|x86.ActiveCfg = Release|Any CPU
		{47480F4D-3813-46B8-8F03-076B6632CCA4}.Release|x86.Build.0 = Release|Any CPU
		{7AAA87B8-75AE-40CF-A0E1-74BDC976CB64}.Debug|Any CPU.ActiveCfg = Debug|Any CPU
		{7AAA87B8-75AE-40CF-A0E1-74BDC976CB64}.Debug|Any CPU.Build.0 = Debug|Any CPU
		{7AAA87B8-75AE-40CF-A0E1-74BDC976CB64}.Debug|ARM.ActiveCfg = Debug|Any CPU
		{7AAA87B8-75AE-40CF-A0E1-74BDC976CB64}.Debug|ARM.Build.0 = Debug|Any CPU
		{7AAA87B8-75AE-40CF-A0E1-74BDC976CB64}.Debug|ARM64.ActiveCfg = Debug|Any CPU
		{7AAA87B8-75AE-40CF-A0E1-74BDC976CB64}.Debug|ARM64.Build.0 = Debug|Any CPU
		{7AAA87B8-75AE-40CF-A0E1-74BDC976CB64}.Debug|x64.ActiveCfg = Debug|Any CPU
		{7AAA87B8-75AE-40CF-A0E1-74BDC976CB64}.Debug|x64.Build.0 = Debug|Any CPU
		{7AAA87B8-75AE-40CF-A0E1-74BDC976CB64}.Debug|x86.ActiveCfg = Debug|Any CPU
		{7AAA87B8-75AE-40CF-A0E1-74BDC976CB64}.Debug|x86.Build.0 = Debug|Any CPU
		{7AAA87B8-75AE-40CF-A0E1-74BDC976CB64}.Release|Any CPU.ActiveCfg = Release|Any CPU
		{7AAA87B8-75AE-40CF-A0E1-74BDC976CB64}.Release|Any CPU.Build.0 = Release|Any CPU
		{7AAA87B8-75AE-40CF-A0E1-74BDC976CB64}.Release|ARM.ActiveCfg = Release|Any CPU
		{7AAA87B8-75AE-40CF-A0E1-74BDC976CB64}.Release|ARM.Build.0 = Release|Any CPU
		{7AAA87B8-75AE-40CF-A0E1-74BDC976CB64}.Release|ARM64.ActiveCfg = Release|Any CPU
		{7AAA87B8-75AE-40CF-A0E1-74BDC976CB64}.Release|ARM64.Build.0 = Release|Any CPU
		{7AAA87B8-75AE-40CF-A0E1-74BDC976CB64}.Release|x64.ActiveCfg = Release|Any CPU
		{7AAA87B8-75AE-40CF-A0E1-74BDC976CB64}.Release|x64.Build.0 = Release|Any CPU
		{7AAA87B8-75AE-40CF-A0E1-74BDC976CB64}.Release|x86.ActiveCfg = Release|Any CPU
		{7AAA87B8-75AE-40CF-A0E1-74BDC976CB64}.Release|x86.Build.0 = Release|Any CPU
		{76B9D625-25DE-4A50-92BA-5EC5156A8FBB}.Debug|Any CPU.ActiveCfg = Debug|Any CPU
		{76B9D625-25DE-4A50-92BA-5EC5156A8FBB}.Debug|Any CPU.Build.0 = Debug|Any CPU
		{76B9D625-25DE-4A50-92BA-5EC5156A8FBB}.Debug|ARM.ActiveCfg = Debug|Any CPU
		{76B9D625-25DE-4A50-92BA-5EC5156A8FBB}.Debug|ARM.Build.0 = Debug|Any CPU
		{76B9D625-25DE-4A50-92BA-5EC5156A8FBB}.Debug|ARM64.ActiveCfg = Debug|Any CPU
		{76B9D625-25DE-4A50-92BA-5EC5156A8FBB}.Debug|ARM64.Build.0 = Debug|Any CPU
		{76B9D625-25DE-4A50-92BA-5EC5156A8FBB}.Debug|x64.ActiveCfg = Debug|Any CPU
		{76B9D625-25DE-4A50-92BA-5EC5156A8FBB}.Debug|x64.Build.0 = Debug|Any CPU
		{76B9D625-25DE-4A50-92BA-5EC5156A8FBB}.Debug|x86.ActiveCfg = Debug|Any CPU
		{76B9D625-25DE-4A50-92BA-5EC5156A8FBB}.Debug|x86.Build.0 = Debug|Any CPU
		{76B9D625-25DE-4A50-92BA-5EC5156A8FBB}.Release|Any CPU.ActiveCfg = Release|Any CPU
		{76B9D625-25DE-4A50-92BA-5EC5156A8FBB}.Release|Any CPU.Build.0 = Release|Any CPU
		{76B9D625-25DE-4A50-92BA-5EC5156A8FBB}.Release|ARM.ActiveCfg = Release|Any CPU
		{76B9D625-25DE-4A50-92BA-5EC5156A8FBB}.Release|ARM.Build.0 = Release|Any CPU
		{76B9D625-25DE-4A50-92BA-5EC5156A8FBB}.Release|ARM64.ActiveCfg = Release|Any CPU
		{76B9D625-25DE-4A50-92BA-5EC5156A8FBB}.Release|ARM64.Build.0 = Release|Any CPU
		{76B9D625-25DE-4A50-92BA-5EC5156A8FBB}.Release|x64.ActiveCfg = Release|Any CPU
		{76B9D625-25DE-4A50-92BA-5EC5156A8FBB}.Release|x64.Build.0 = Release|Any CPU
		{76B9D625-25DE-4A50-92BA-5EC5156A8FBB}.Release|x86.ActiveCfg = Release|Any CPU
		{76B9D625-25DE-4A50-92BA-5EC5156A8FBB}.Release|x86.Build.0 = Release|Any CPU
		{7863E194-034D-4848-BB6D-E604475555CF}.Debug|Any CPU.ActiveCfg = Debug|Any CPU
		{7863E194-034D-4848-BB6D-E604475555CF}.Debug|Any CPU.Build.0 = Debug|Any CPU
		{7863E194-034D-4848-BB6D-E604475555CF}.Debug|ARM.ActiveCfg = Debug|Any CPU
		{7863E194-034D-4848-BB6D-E604475555CF}.Debug|ARM.Build.0 = Debug|Any CPU
		{7863E194-034D-4848-BB6D-E604475555CF}.Debug|ARM64.ActiveCfg = Debug|Any CPU
		{7863E194-034D-4848-BB6D-E604475555CF}.Debug|ARM64.Build.0 = Debug|Any CPU
		{7863E194-034D-4848-BB6D-E604475555CF}.Debug|x64.ActiveCfg = Debug|Any CPU
		{7863E194-034D-4848-BB6D-E604475555CF}.Debug|x64.Build.0 = Debug|Any CPU
		{7863E194-034D-4848-BB6D-E604475555CF}.Debug|x86.ActiveCfg = Debug|Any CPU
		{7863E194-034D-4848-BB6D-E604475555CF}.Debug|x86.Build.0 = Debug|Any CPU
		{7863E194-034D-4848-BB6D-E604475555CF}.Release|Any CPU.ActiveCfg = Release|Any CPU
		{7863E194-034D-4848-BB6D-E604475555CF}.Release|Any CPU.Build.0 = Release|Any CPU
		{7863E194-034D-4848-BB6D-E604475555CF}.Release|ARM.ActiveCfg = Release|Any CPU
		{7863E194-034D-4848-BB6D-E604475555CF}.Release|ARM.Build.0 = Release|Any CPU
		{7863E194-034D-4848-BB6D-E604475555CF}.Release|ARM64.ActiveCfg = Release|Any CPU
		{7863E194-034D-4848-BB6D-E604475555CF}.Release|ARM64.Build.0 = Release|Any CPU
		{7863E194-034D-4848-BB6D-E604475555CF}.Release|x64.ActiveCfg = Release|Any CPU
		{7863E194-034D-4848-BB6D-E604475555CF}.Release|x64.Build.0 = Release|Any CPU
		{7863E194-034D-4848-BB6D-E604475555CF}.Release|x86.ActiveCfg = Release|Any CPU
		{7863E194-034D-4848-BB6D-E604475555CF}.Release|x86.Build.0 = Release|Any CPU
		{81CB2196-AE6C-4521-B77B-360A70CE32A9}.Debug|Any CPU.ActiveCfg = Debug|Any CPU
		{81CB2196-AE6C-4521-B77B-360A70CE32A9}.Debug|Any CPU.Build.0 = Debug|Any CPU
		{81CB2196-AE6C-4521-B77B-360A70CE32A9}.Debug|ARM.ActiveCfg = Debug|Any CPU
		{81CB2196-AE6C-4521-B77B-360A70CE32A9}.Debug|ARM.Build.0 = Debug|Any CPU
		{81CB2196-AE6C-4521-B77B-360A70CE32A9}.Debug|ARM64.ActiveCfg = Debug|Any CPU
		{81CB2196-AE6C-4521-B77B-360A70CE32A9}.Debug|ARM64.Build.0 = Debug|Any CPU
		{81CB2196-AE6C-4521-B77B-360A70CE32A9}.Debug|x64.ActiveCfg = Debug|Any CPU
		{81CB2196-AE6C-4521-B77B-360A70CE32A9}.Debug|x64.Build.0 = Debug|Any CPU
		{81CB2196-AE6C-4521-B77B-360A70CE32A9}.Debug|x86.ActiveCfg = Debug|Any CPU
		{81CB2196-AE6C-4521-B77B-360A70CE32A9}.Debug|x86.Build.0 = Debug|Any CPU
		{81CB2196-AE6C-4521-B77B-360A70CE32A9}.Release|Any CPU.ActiveCfg = Release|Any CPU
		{81CB2196-AE6C-4521-B77B-360A70CE32A9}.Release|Any CPU.Build.0 = Release|Any CPU
		{81CB2196-AE6C-4521-B77B-360A70CE32A9}.Release|ARM.ActiveCfg = Release|Any CPU
		{81CB2196-AE6C-4521-B77B-360A70CE32A9}.Release|ARM.Build.0 = Release|Any CPU
		{81CB2196-AE6C-4521-B77B-360A70CE32A9}.Release|ARM64.ActiveCfg = Release|Any CPU
		{81CB2196-AE6C-4521-B77B-360A70CE32A9}.Release|ARM64.Build.0 = Release|Any CPU
		{81CB2196-AE6C-4521-B77B-360A70CE32A9}.Release|x64.ActiveCfg = Release|Any CPU
		{81CB2196-AE6C-4521-B77B-360A70CE32A9}.Release|x64.Build.0 = Release|Any CPU
		{81CB2196-AE6C-4521-B77B-360A70CE32A9}.Release|x86.ActiveCfg = Release|Any CPU
		{81CB2196-AE6C-4521-B77B-360A70CE32A9}.Release|x86.Build.0 = Release|Any CPU
		{06F776EF-0FF3-4F22-A406-8BB9B58926A6}.Debug|Any CPU.ActiveCfg = Debug|Any CPU
		{06F776EF-0FF3-4F22-A406-8BB9B58926A6}.Debug|Any CPU.Build.0 = Debug|Any CPU
		{06F776EF-0FF3-4F22-A406-8BB9B58926A6}.Debug|ARM.ActiveCfg = Debug|Any CPU
		{06F776EF-0FF3-4F22-A406-8BB9B58926A6}.Debug|ARM.Build.0 = Debug|Any CPU
		{06F776EF-0FF3-4F22-A406-8BB9B58926A6}.Debug|ARM64.ActiveCfg = Debug|Any CPU
		{06F776EF-0FF3-4F22-A406-8BB9B58926A6}.Debug|ARM64.Build.0 = Debug|Any CPU
		{06F776EF-0FF3-4F22-A406-8BB9B58926A6}.Debug|x64.ActiveCfg = Debug|Any CPU
		{06F776EF-0FF3-4F22-A406-8BB9B58926A6}.Debug|x64.Build.0 = Debug|Any CPU
		{06F776EF-0FF3-4F22-A406-8BB9B58926A6}.Debug|x86.ActiveCfg = Debug|Any CPU
		{06F776EF-0FF3-4F22-A406-8BB9B58926A6}.Debug|x86.Build.0 = Debug|Any CPU
		{06F776EF-0FF3-4F22-A406-8BB9B58926A6}.Release|Any CPU.ActiveCfg = Release|Any CPU
		{06F776EF-0FF3-4F22-A406-8BB9B58926A6}.Release|Any CPU.Build.0 = Release|Any CPU
		{06F776EF-0FF3-4F22-A406-8BB9B58926A6}.Release|ARM.ActiveCfg = Release|Any CPU
		{06F776EF-0FF3-4F22-A406-8BB9B58926A6}.Release|ARM.Build.0 = Release|Any CPU
		{06F776EF-0FF3-4F22-A406-8BB9B58926A6}.Release|ARM64.ActiveCfg = Release|Any CPU
		{06F776EF-0FF3-4F22-A406-8BB9B58926A6}.Release|ARM64.Build.0 = Release|Any CPU
		{06F776EF-0FF3-4F22-A406-8BB9B58926A6}.Release|x64.ActiveCfg = Release|Any CPU
		{06F776EF-0FF3-4F22-A406-8BB9B58926A6}.Release|x64.Build.0 = Release|Any CPU
		{06F776EF-0FF3-4F22-A406-8BB9B58926A6}.Release|x86.ActiveCfg = Release|Any CPU
		{06F776EF-0FF3-4F22-A406-8BB9B58926A6}.Release|x86.Build.0 = Release|Any CPU
	EndGlobalSection
	GlobalSection(SolutionProperties) = preSolution
		HideSolutionNode = FALSE
	EndGlobalSection
	GlobalSection(NestedProjects) = preSolution
		{E4587C55-57B7-4C52-9639-679416E4C75F} = {5E3769C3-20F1-43F4-BB07-52635F5FDF27}
		{F59E7061-C06F-46B4-9B76-A0383DC25971} = {5067776B-73C2-4406-BCE6-81B07D7E1546}
		{D3460E5D-A4E4-44F9-8CD6-FE4EFFC2DC12} = {5E3769C3-20F1-43F4-BB07-52635F5FDF27}
		{82B56846-68BB-491D-B121-8C8B86E1E075} = {5067776B-73C2-4406-BCE6-81B07D7E1546}
		{47480F4D-3813-46B8-8F03-076B6632CCA4} = {4F96AE1A-D0FE-40BE-A230-23B3CC575EE8}
		{7AAA87B8-75AE-40CF-A0E1-74BDC976CB64} = {4F96AE1A-D0FE-40BE-A230-23B3CC575EE8}
		{76B9D625-25DE-4A50-92BA-5EC5156A8FBB} = {4F96AE1A-D0FE-40BE-A230-23B3CC575EE8}
		{7863E194-034D-4848-BB6D-E604475555CF} = {4F96AE1A-D0FE-40BE-A230-23B3CC575EE8}
		{81CB2196-AE6C-4521-B77B-360A70CE32A9} = {4F96AE1A-D0FE-40BE-A230-23B3CC575EE8}
		{06F776EF-0FF3-4F22-A406-8BB9B58926A6} = {4F96AE1A-D0FE-40BE-A230-23B3CC575EE8}
	EndGlobalSection
	GlobalSection(ExtensibilityGlobals) = postSolution
		SolutionGuid = {786A5EE5-AA6B-4F64-8AA4-118A5A380B80}
	EndGlobalSection
EndGlobal
