
Microsoft Visual Studio Solution File, Format Version 12.00
# Visual Studio Version 16
VisualStudioVersion = 16.0.29409.12
MinimumVisualStudioVersion = 10.0.40219.1
Project("{D954291E-2A0B-460D-934E-DC6B0785DB48}") = "abmediaplatform", "abmediaplatform\abmediaplatform.shproj", "{E4587C55-57B7-4C52-9639-679416E4C75F}"
EndProject
Project("{9A19103F-16F7-4668-BE54-9A1E7A4F7556}") = "Albert", "Albert\Albert.csproj", "{F59E7061-C06F-46B4-9B76-A0383DC25971}"
EndProject
Project("{D954291E-2A0B-460D-934E-DC6B0785DB48}") = "ABCode", "ABCode\ABCode.shproj", "{D3460E5D-A4E4-44F9-8CD6-FE4EFFC2DC12}"
EndProject
Project("{9A19103F-16F7-4668-BE54-9A1E7A4F7556}") = "abCommad", "abCommad\abCommad.csproj", "{EF9A5A4D-29CD-4D36-BCC3-F4CE54CFD9F4}"
EndProject
Project("{9A19103F-16F7-4668-BE54-9A1E7A4F7556}") = "AlbertWin32", "AlbertWin32\AlbertWin32.csproj", "{2E07ED9E-FBDF-42C2-BF9F-69DB7A3EDBA9}"
EndProject
Project("{FAE04EC0-301F-11D3-BF4B-00C04F79EFBC}") = "abWorld", "abWorld\abWorld.csproj", "{6F14923D-F66F-4D6B-9EC1-1DE56A0C9578}"
EndProject
Project("{9A19103F-16F7-4668-BE54-9A1E7A4F7556}") = "abArt", "abArt\abArt.csproj", "{442DB977-599D-4BB8-BE68-B726983B6E28}"
EndProject
Project("{C7167F0D-BC9F-4E6E-AFE1-012C56B48DB5}") = "abArtBoard", "abArtBoard\abArtBoard.wapproj", "{3E86B7F9-38C6-41E2-AD20-20334F81ABC5}"
EndProject
Project("{2150E333-8FDC-42A3-9474-1A3956D46DE8}") = "Libaries", "Libaries", "{5067776B-73C2-4406-BCE6-81B07D7E1546}"
EndProject
Project("{2150E333-8FDC-42A3-9474-1A3956D46DE8}") = "Software", "Software", "{4F96AE1A-D0FE-40BE-A230-23B3CC575EE8}"
EndProject
Project("{FAE04EC0-301F-11D3-BF4B-00C04F79EFBC}") = "Albert.UWP", "Albert.UWP\Albert.UWP.csproj", "{D1FAB386-B589-4D88-B0D3-10547318D04D}"
EndProject
Global
	GlobalSection(SharedMSBuildProjectFiles) = preSolution
		ABCode\ABCode.projitems*{d3460e5d-a4e4-44f9-8cd6-fe4effc2dc12}*SharedItemsImports = 13
		abmediaplatform\abmediaplatform.projitems*{e4587c55-57b7-4c52-9639-679416e4c75f}*SharedItemsImports = 13
	EndGlobalSection
	GlobalSection(SolutionConfigurationPlatforms) = preSolution
		Debug|Any CPU = Debug|Any CPU
		Debug|ARM = Debug|ARM
		Debug|ARM64 = Debug|ARM64
		Debug|x64 = Debug|x64
		Debug|x86 = Debug|x86
		Release|Any CPU = Release|Any CPU
		Release|ARM = Release|ARM
		Release|ARM64 = Release|ARM64
		Release|x64 = Release|x64
		Release|x86 = Release|x86
	EndGlobalSection
	GlobalSection(ProjectConfigurationPlatforms) = postSolution
		{F59E7061-C06F-46B4-9B76-A0383DC25971}.Debug|Any CPU.ActiveCfg = Debug|Any CPU
		{F59E7061-C06F-46B4-9B76-A0383DC25971}.Debug|Any CPU.Build.0 = Debug|Any CPU
		{F59E7061-C06F-46B4-9B76-A0383DC25971}.Debug|ARM.ActiveCfg = Debug|Any CPU
		{F59E7061-C06F-46B4-9B76-A0383DC25971}.Debug|ARM.Build.0 = Debug|Any CPU
		{F59E7061-C06F-46B4-9B76-A0383DC25971}.Debug|ARM64.ActiveCfg = Debug|Any CPU
		{F59E7061-C06F-46B4-9B76-A0383DC25971}.Debug|ARM64.Build.0 = Debug|Any CPU
		{F59E7061-C06F-46B4-9B76-A0383DC25971}.Debug|x64.ActiveCfg = Debug|Any CPU
		{F59E7061-C06F-46B4-9B76-A0383DC25971}.Debug|x64.Build.0 = Debug|Any CPU
		{F59E7061-C06F-46B4-9B76-A0383DC25971}.Debug|x86.ActiveCfg = Debug|Any CPU
		{F59E7061-C06F-46B4-9B76-A0383DC25971}.Debug|x86.Build.0 = Debug|Any CPU
		{F59E7061-C06F-46B4-9B76-A0383DC25971}.Release|Any CPU.ActiveCfg = Release|Any CPU
		{F59E7061-C06F-46B4-9B76-A0383DC25971}.Release|Any CPU.Build.0 = Release|Any CPU
		{F59E7061-C06F-46B4-9B76-A0383DC25971}.Release|ARM.ActiveCfg = Release|Any CPU
		{F59E7061-C06F-46B4-9B76-A0383DC25971}.Release|ARM.Build.0 = Release|Any CPU
		{F59E7061-C06F-46B4-9B76-A0383DC25971}.Release|ARM64.ActiveCfg = Release|Any CPU
		{F59E7061-C06F-46B4-9B76-A0383DC25971}.Release|ARM64.Build.0 = Release|Any CPU
		{F59E7061-C06F-46B4-9B76-A0383DC25971}.Release|x64.ActiveCfg = Release|Any CPU
		{F59E7061-C06F-46B4-9B76-A0383DC25971}.Release|x64.Build.0 = Release|Any CPU
		{F59E7061-C06F-46B4-9B76-A0383DC25971}.Release|x86.ActiveCfg = Release|Any CPU
		{F59E7061-C06F-46B4-9B76-A0383DC25971}.Release|x86.Build.0 = Release|Any CPU
		{EF9A5A4D-29CD-4D36-BCC3-F4CE54CFD9F4}.Debug|Any CPU.ActiveCfg = Debug|Any CPU
		{EF9A5A4D-29CD-4D36-BCC3-F4CE54CFD9F4}.Debug|Any CPU.Build.0 = Debug|Any CPU
		{EF9A5A4D-29CD-4D36-BCC3-F4CE54CFD9F4}.Debug|ARM.ActiveCfg = Debug|Any CPU
		{EF9A5A4D-29CD-4D36-BCC3-F4CE54CFD9F4}.Debug|ARM.Build.0 = Debug|Any CPU
		{EF9A5A4D-29CD-4D36-BCC3-F4CE54CFD9F4}.Debug|ARM64.ActiveCfg = Debug|Any CPU
		{EF9A5A4D-29CD-4D36-BCC3-F4CE54CFD9F4}.Debug|ARM64.Build.0 = Debug|Any CPU
		{EF9A5A4D-29CD-4D36-BCC3-F4CE54CFD9F4}.Debug|x64.ActiveCfg = Debug|Any CPU
		{EF9A5A4D-29CD-4D36-BCC3-F4CE54CFD9F4}.Debug|x64.Build.0 = Debug|Any CPU
		{EF9A5A4D-29CD-4D36-BCC3-F4CE54CFD9F4}.Debug|x86.ActiveCfg = Debug|Any CPU
		{EF9A5A4D-29CD-4D36-BCC3-F4CE54CFD9F4}.Debug|x86.Build.0 = Debug|Any CPU
		{EF9A5A4D-29CD-4D36-BCC3-F4CE54CFD9F4}.Release|Any CPU.ActiveCfg = Release|Any CPU
		{EF9A5A4D-29CD-4D36-BCC3-F4CE54CFD9F4}.Release|Any CPU.Build.0 = Release|Any CPU
		{EF9A5A4D-29CD-4D36-BCC3-F4CE54CFD9F4}.Release|ARM.ActiveCfg = Release|Any CPU
		{EF9A5A4D-29CD-4D36-BCC3-F4CE54CFD9F4}.Release|ARM.Build.0 = Release|Any CPU
		{EF9A5A4D-29CD-4D36-BCC3-F4CE54CFD9F4}.Release|ARM64.ActiveCfg = Release|Any CPU
		{EF9A5A4D-29CD-4D36-BCC3-F4CE54CFD9F4}.Release|ARM64.Build.0 = Release|Any CPU
		{EF9A5A4D-29CD-4D36-BCC3-F4CE54CFD9F4}.Release|x64.ActiveCfg = Release|Any CPU
		{EF9A5A4D-29CD-4D36-BCC3-F4CE54CFD9F4}.Release|x64.Build.0 = Release|Any CPU
		{EF9A5A4D-29CD-4D36-BCC3-F4CE54CFD9F4}.Release|x86.ActiveCfg = Release|Any CPU
		{EF9A5A4D-29CD-4D36-BCC3-F4CE54CFD9F4}.Release|x86.Build.0 = Release|Any CPU
		{2E07ED9E-FBDF-42C2-BF9F-69DB7A3EDBA9}.Debug|Any CPU.ActiveCfg = Debug|Any CPU
		{2E07ED9E-FBDF-42C2-BF9F-69DB7A3EDBA9}.Debug|Any CPU.Build.0 = Debug|Any CPU
		{2E07ED9E-FBDF-42C2-BF9F-69DB7A3EDBA9}.Debug|ARM.ActiveCfg = Debug|Any CPU
		{2E07ED9E-FBDF-42C2-BF9F-69DB7A3EDBA9}.Debug|ARM.Build.0 = Debug|Any CPU
		{2E07ED9E-FBDF-42C2-BF9F-69DB7A3EDBA9}.Debug|ARM64.ActiveCfg = Debug|Any CPU
		{2E07ED9E-FBDF-42C2-BF9F-69DB7A3EDBA9}.Debug|ARM64.Build.0 = Debug|Any CPU
		{2E07ED9E-FBDF-42C2-BF9F-69DB7A3EDBA9}.Debug|x64.ActiveCfg = Debug|Any CPU
		{2E07ED9E-FBDF-42C2-BF9F-69DB7A3EDBA9}.Debug|x64.Build.0 = Debug|Any CPU
		{2E07ED9E-FBDF-42C2-BF9F-69DB7A3EDBA9}.Debug|x86.ActiveCfg = Debug|Any CPU
		{2E07ED9E-FBDF-42C2-BF9F-69DB7A3EDBA9}.Debug|x86.Build.0 = Debug|Any CPU
		{2E07ED9E-FBDF-42C2-BF9F-69DB7A3EDBA9}.Release|Any CPU.ActiveCfg = Release|Any CPU
		{2E07ED9E-FBDF-42C2-BF9F-69DB7A3EDBA9}.Release|Any CPU.Build.0 = Release|Any CPU
		{2E07ED9E-FBDF-42C2-BF9F-69DB7A3EDBA9}.Release|ARM.ActiveCfg = Release|Any CPU
		{2E07ED9E-FBDF-42C2-BF9F-69DB7A3EDBA9}.Release|ARM.Build.0 = Release|Any CPU
		{2E07ED9E-FBDF-42C2-BF9F-69DB7A3EDBA9}.Release|ARM64.ActiveCfg = Release|Any CPU
		{2E07ED9E-FBDF-42C2-BF9F-69DB7A3EDBA9}.Release|ARM64.Build.0 = Release|Any CPU
		{2E07ED9E-FBDF-42C2-BF9F-69DB7A3EDBA9}.Release|x64.ActiveCfg = Release|Any CPU
		{2E07ED9E-FBDF-42C2-BF9F-69DB7A3EDBA9}.Release|x64.Build.0 = Release|Any CPU
		{2E07ED9E-FBDF-42C2-BF9F-69DB7A3EDBA9}.Release|x86.ActiveCfg = Release|Any CPU
		{2E07ED9E-FBDF-42C2-BF9F-69DB7A3EDBA9}.Release|x86.Build.0 = Release|Any CPU
		{6F14923D-F66F-4D6B-9EC1-1DE56A0C9578}.Debug|Any CPU.ActiveCfg = Debug|x86
		{6F14923D-F66F-4D6B-9EC1-1DE56A0C9578}.Debug|ARM.ActiveCfg = Debug|ARM
		{6F14923D-F66F-4D6B-9EC1-1DE56A0C9578}.Debug|ARM.Build.0 = Debug|ARM
		{6F14923D-F66F-4D6B-9EC1-1DE56A0C9578}.Debug|ARM.Deploy.0 = Debug|ARM
		{6F14923D-F66F-4D6B-9EC1-1DE56A0C9578}.Debug|ARM64.ActiveCfg = Debug|ARM64
		{6F14923D-F66F-4D6B-9EC1-1DE56A0C9578}.Debug|ARM64.Build.0 = Debug|ARM64
		{6F14923D-F66F-4D6B-9EC1-1DE56A0C9578}.Debug|ARM64.Deploy.0 = Debug|ARM64
		{6F14923D-F66F-4D6B-9EC1-1DE56A0C9578}.Debug|x64.ActiveCfg = Debug|x64
		{6F14923D-F66F-4D6B-9EC1-1DE56A0C9578}.Debug|x64.Build.0 = Debug|x64
		{6F14923D-F66F-4D6B-9EC1-1DE56A0C9578}.Debug|x64.Deploy.0 = Debug|x64
		{6F14923D-F66F-4D6B-9EC1-1DE56A0C9578}.Debug|x86.ActiveCfg = Debug|x86
		{6F14923D-F66F-4D6B-9EC1-1DE56A0C9578}.Debug|x86.Build.0 = Debug|x86
		{6F14923D-F66F-4D6B-9EC1-1DE56A0C9578}.Debug|x86.Deploy.0 = Debug|x86
		{6F14923D-F66F-4D6B-9EC1-1DE56A0C9578}.Release|Any CPU.ActiveCfg = Release|x86
		{6F14923D-F66F-4D6B-9EC1-1DE56A0C9578}.Release|ARM.ActiveCfg = Release|ARM
		{6F14923D-F66F-4D6B-9EC1-1DE56A0C9578}.Release|ARM.Build.0 = Release|ARM
		{6F14923D-F66F-4D6B-9EC1-1DE56A0C9578}.Release|ARM.Deploy.0 = Release|ARM
		{6F14923D-F66F-4D6B-9EC1-1DE56A0C9578}.Release|ARM64.ActiveCfg = Release|ARM64
		{6F14923D-F66F-4D6B-9EC1-1DE56A0C9578}.Release|ARM64.Build.0 = Release|ARM64
		{6F14923D-F66F-4D6B-9EC1-1DE56A0C9578}.Release|ARM64.Deploy.0 = Release|ARM64
		{6F14923D-F66F-4D6B-9EC1-1DE56A0C9578}.Release|x64.ActiveCfg = Release|x64
		{6F14923D-F66F-4D6B-9EC1-1DE56A0C9578}.Release|x64.Build.0 = Release|x64
		{6F14923D-F66F-4D6B-9EC1-1DE56A0C9578}.Release|x64.Deploy.0 = Release|x64
		{6F14923D-F66F-4D6B-9EC1-1DE56A0C9578}.Release|x86.ActiveCfg = Release|x86
		{6F14923D-F66F-4D6B-9EC1-1DE56A0C9578}.Release|x86.Build.0 = Release|x86
		{6F14923D-F66F-4D6B-9EC1-1DE56A0C9578}.Release|x86.Deploy.0 = Release|x86
		{442DB977-599D-4BB8-BE68-B726983B6E28}.Debug|Any CPU.ActiveCfg = Debug|Any CPU
		{442DB977-599D-4BB8-BE68-B726983B6E28}.Debug|Any CPU.Build.0 = Debug|Any CPU
		{442DB977-599D-4BB8-BE68-B726983B6E28}.Debug|ARM.ActiveCfg = Debug|Any CPU
		{442DB977-599D-4BB8-BE68-B726983B6E28}.Debug|ARM.Build.0 = Debug|Any CPU
		{442DB977-599D-4BB8-BE68-B726983B6E28}.Debug|ARM64.ActiveCfg = Debug|Any CPU
		{442DB977-599D-4BB8-BE68-B726983B6E28}.Debug|ARM64.Build.0 = Debug|Any CPU
		{442DB977-599D-4BB8-BE68-B726983B6E28}.Debug|x64.ActiveCfg = Debug|Any CPU
		{442DB977-599D-4BB8-BE68-B726983B6E28}.Debug|x64.Build.0 = Debug|Any CPU
		{442DB977-599D-4BB8-BE68-B726983B6E28}.Debug|x86.ActiveCfg = Debug|Any CPU
		{442DB977-599D-4BB8-BE68-B726983B6E28}.Debug|x86.Build.0 = Debug|Any CPU
		{442DB977-599D-4BB8-BE68-B726983B6E28}.Release|Any CPU.ActiveCfg = Release|Any CPU
		{442DB977-599D-4BB8-BE68-B726983B6E28}.Release|Any CPU.Build.0 = Release|Any CPU
		{442DB977-599D-4BB8-BE68-B726983B6E28}.Release|ARM.ActiveCfg = Release|Any CPU
		{442DB977-599D-4BB8-BE68-B726983B6E28}.Release|ARM.Build.0 = Release|Any CPU
		{442DB977-599D-4BB8-BE68-B726983B6E28}.Release|ARM64.ActiveCfg = Release|Any CPU
		{442DB977-599D-4BB8-BE68-B726983B6E28}.Release|ARM64.Build.0 = Release|Any CPU
		{442DB977-599D-4BB8-BE68-B726983B6E28}.Release|x64.ActiveCfg = Release|Any CPU
		{442DB977-599D-4BB8-BE68-B726983B6E28}.Release|x64.Build.0 = Release|Any CPU
		{442DB977-599D-4BB8-BE68-B726983B6E28}.Release|x86.ActiveCfg = Release|Any CPU
		{442DB977-599D-4BB8-BE68-B726983B6E28}.Release|x86.Build.0 = Release|Any CPU
		{3E86B7F9-38C6-41E2-AD20-20334F81ABC5}.Debug|Any CPU.ActiveCfg = Debug|Any CPU
		{3E86B7F9-38C6-41E2-AD20-20334F81ABC5}.Debug|Any CPU.Build.0 = Debug|Any CPU
		{3E86B7F9-38C6-41E2-AD20-20334F81ABC5}.Debug|Any CPU.Deploy.0 = Debug|Any CPU
		{3E86B7F9-38C6-41E2-AD20-20334F81ABC5}.Debug|ARM.ActiveCfg = Debug|ARM
		{3E86B7F9-38C6-41E2-AD20-20334F81ABC5}.Debug|ARM.Build.0 = Debug|ARM
		{3E86B7F9-38C6-41E2-AD20-20334F81ABC5}.Debug|ARM.Deploy.0 = Debug|ARM
		{3E86B7F9-38C6-41E2-AD20-20334F81ABC5}.Debug|ARM64.ActiveCfg = Debug|ARM64
		{3E86B7F9-38C6-41E2-AD20-20334F81ABC5}.Debug|ARM64.Build.0 = Debug|ARM64
		{3E86B7F9-38C6-41E2-AD20-20334F81ABC5}.Debug|ARM64.Deploy.0 = Debug|ARM64
		{3E86B7F9-38C6-41E2-AD20-20334F81ABC5}.Debug|x64.ActiveCfg = Debug|x64
		{3E86B7F9-38C6-41E2-AD20-20334F81ABC5}.Debug|x64.Build.0 = Debug|x64
		{3E86B7F9-38C6-41E2-AD20-20334F81ABC5}.Debug|x64.Deploy.0 = Debug|x64
		{3E86B7F9-38C6-41E2-AD20-20334F81ABC5}.Debug|x86.ActiveCfg = Debug|x86
		{3E86B7F9-38C6-41E2-AD20-20334F81ABC5}.Debug|x86.Build.0 = Debug|x86
		{3E86B7F9-38C6-41E2-AD20-20334F81ABC5}.Debug|x86.Deploy.0 = Debug|x86
		{3E86B7F9-38C6-41E2-AD20-20334F81ABC5}.Release|Any CPU.ActiveCfg = Release|Any CPU
		{3E86B7F9-38C6-41E2-AD20-20334F81ABC5}.Release|Any CPU.Build.0 = Release|Any CPU
		{3E86B7F9-38C6-41E2-AD20-20334F81ABC5}.Release|Any CPU.Deploy.0 = Release|Any CPU
		{3E86B7F9-38C6-41E2-AD20-20334F81ABC5}.Release|ARM.ActiveCfg = Release|ARM
		{3E86B7F9-38C6-41E2-AD20-20334F81ABC5}.Release|ARM.Build.0 = Release|ARM
		{3E86B7F9-38C6-41E2-AD20-20334F81ABC5}.Release|ARM.Deploy.0 = Release|ARM
		{3E86B7F9-38C6-41E2-AD20-20334F81ABC5}.Release|ARM64.ActiveCfg = Release|ARM64
		{3E86B7F9-38C6-41E2-AD20-20334F81ABC5}.Release|ARM64.Build.0 = Release|ARM64
		{3E86B7F9-38C6-41E2-AD20-20334F81ABC5}.Release|ARM64.Deploy.0 = Release|ARM64
		{3E86B7F9-38C6-41E2-AD20-20334F81ABC5}.Release|x64.ActiveCfg = Release|x64
		{3E86B7F9-38C6-41E2-AD20-20334F81ABC5}.Release|x64.Build.0 = Release|x64
		{3E86B7F9-38C6-41E2-AD20-20334F81ABC5}.Release|x64.Deploy.0 = Release|x64
		{3E86B7F9-38C6-41E2-AD20-20334F81ABC5}.Release|x86.ActiveCfg = Release|x86
		{3E86B7F9-38C6-41E2-AD20-20334F81ABC5}.Release|x86.Build.0 = Release|x86
		{3E86B7F9-38C6-41E2-AD20-20334F81ABC5}.Release|x86.Deploy.0 = Release|x86
		{D1FAB386-B589-4D88-B0D3-10547318D04D}.Debug|Any CPU.ActiveCfg = Debug|Any CPU
		{D1FAB386-B589-4D88-B0D3-10547318D04D}.Debug|Any CPU.Build.0 = Debug|Any CPU
		{D1FAB386-B589-4D88-B0D3-10547318D04D}.Debug|ARM.ActiveCfg = Debug|ARM
		{D1FAB386-B589-4D88-B0D3-10547318D04D}.Debug|ARM.Build.0 = Debug|ARM
		{D1FAB386-B589-4D88-B0D3-10547318D04D}.Debug|ARM64.ActiveCfg = Debug|ARM64
		{D1FAB386-B589-4D88-B0D3-10547318D04D}.Debug|ARM64.Build.0 = Debug|ARM64
		{D1FAB386-B589-4D88-B0D3-10547318D04D}.Debug|x64.ActiveCfg = Debug|x64
		{D1FAB386-B589-4D88-B0D3-10547318D04D}.Debug|x64.Build.0 = Debug|x64
		{D1FAB386-B589-4D88-B0D3-10547318D04D}.Debug|x86.ActiveCfg = Debug|x86
		{D1FAB386-B589-4D88-B0D3-10547318D04D}.Debug|x86.Build.0 = Debug|x86
		{D1FAB386-B589-4D88-B0D3-10547318D04D}.Release|Any CPU.ActiveCfg = Release|Any CPU
		{D1FAB386-B589-4D88-B0D3-10547318D04D}.Release|Any CPU.Build.0 = Release|Any CPU
		{D1FAB386-B589-4D88-B0D3-10547318D04D}.Release|ARM.ActiveCfg = Release|ARM
		{D1FAB386-B589-4D88-B0D3-10547318D04D}.Release|ARM.Build.0 = Release|ARM
		{D1FAB386-B589-4D88-B0D3-10547318D04D}.Release|ARM64.ActiveCfg = Release|ARM64
		{D1FAB386-B589-4D88-B0D3-10547318D04D}.Release|ARM64.Build.0 = Release|ARM64
		{D1FAB386-B589-4D88-B0D3-10547318D04D}.Release|x64.ActiveCfg = Release|x64
		{D1FAB386-B589-4D88-B0D3-10547318D04D}.Release|x64.Build.0 = Release|x64
		{D1FAB386-B589-4D88-B0D3-10547318D04D}.Release|x86.ActiveCfg = Release|x86
		{D1FAB386-B589-4D88-B0D3-10547318D04D}.Release|x86.Build.0 = Release|x86
	EndGlobalSection
	GlobalSection(SolutionProperties) = preSolution
		HideSolutionNode = FALSE
	EndGlobalSection
	GlobalSection(NestedProjects) = preSolution
		{E4587C55-57B7-4C52-9639-679416E4C75F} = {5067776B-73C2-4406-BCE6-81B07D7E1546}
		{F59E7061-C06F-46B4-9B76-A0383DC25971} = {5067776B-73C2-4406-BCE6-81B07D7E1546}
		{D3460E5D-A4E4-44F9-8CD6-FE4EFFC2DC12} = {5067776B-73C2-4406-BCE6-81B07D7E1546}
		{EF9A5A4D-29CD-4D36-BCC3-F4CE54CFD9F4} = {4F96AE1A-D0FE-40BE-A230-23B3CC575EE8}
		{2E07ED9E-FBDF-42C2-BF9F-69DB7A3EDBA9} = {5067776B-73C2-4406-BCE6-81B07D7E1546}
		{6F14923D-F66F-4D6B-9EC1-1DE56A0C9578} = {4F96AE1A-D0FE-40BE-A230-23B3CC575EE8}
		{442DB977-599D-4BB8-BE68-B726983B6E28} = {4F96AE1A-D0FE-40BE-A230-23B3CC575EE8}
		{3E86B7F9-38C6-41E2-AD20-20334F81ABC5} = {4F96AE1A-D0FE-40BE-A230-23B3CC575EE8}
		{D1FAB386-B589-4D88-B0D3-10547318D04D} = {5067776B-73C2-4406-BCE6-81B07D7E1546}
	EndGlobalSection
	GlobalSection(ExtensibilityGlobals) = postSolution
		SolutionGuid = {786A5EE5-AA6B-4F64-8AA4-118A5A380B80}
	EndGlobalSection
EndGlobal
